// !$*UTF8*$!
{
	archiveVersion = 1;
	classes = {
	};
	objectVersion = 60;
	objects = {

/* Begin PBXBuildFile section */
		6B1A46702CC029F9005CBB77 /* AddGuestViewController.swift in Sources */ = {isa = PBXBuildFile; fileRef = 6B1A466E2CC029F9005CBB77 /* AddGuestViewController.swift */; };
		6B1A46712CC029F9005CBB77 /* AddGuestViewController.xib in Resources */ = {isa = PBXBuildFile; fileRef = 6B1A466F2CC029F9005CBB77 /* AddGuestViewController.xib */; };
		6B1A46752CC03DF5005CBB77 /* GuestFormTableViewCell.swift in Sources */ = {isa = PBXBuildFile; fileRef = 6B1A46732CC03DF5005CBB77 /* GuestFormTableViewCell.swift */; };
		6B1A46762CC03DF5005CBB77 /* GuestFormTableViewCell.xib in Resources */ = {isa = PBXBuildFile; fileRef = 6B1A46742CC03DF5005CBB77 /* GuestFormTableViewCell.xib */; };
		6B1A46792CC044F5005CBB77 /* AddGuestViewModel.swift in Sources */ = {isa = PBXBuildFile; fileRef = 6B1A46782CC044F5005CBB77 /* AddGuestViewModel.swift */; };
		6BDB70122CC05E8A00C9B8E0 /* AddGuestTableViewCell.xib in Resources */ = {isa = PBXBuildFile; fileRef = 6BDB70112CC05E8A00C9B8E0 /* AddGuestTableViewCell.xib */; };
		6BDB70132CC05E8A00C9B8E0 /* AddGuestTableViewCell.swift in Sources */ = {isa = PBXBuildFile; fileRef = 6BDB70102CC05E8A00C9B8E0 /* AddGuestTableViewCell.swift */; };
		6BDB70162CC0662000C9B8E0 /* PartyView.xib in Resources */ = {isa = PBXBuildFile; fileRef = 6BDB70152CC0662000C9B8E0 /* PartyView.xib */; };
		6BDB70182CC066EB00C9B8E0 /* PartyView.swift in Sources */ = {isa = PBXBuildFile; fileRef = 6BDB70172CC066EB00C9B8E0 /* PartyView.swift */; };
		6BE5170F2CBE6DF900AEEADA /* AppDelegate.swift in Sources */ = {isa = PBXBuildFile; fileRef = 6BE5170E2CBE6DF900AEEADA /* AppDelegate.swift */; };
		6BE517112CBE6DF900AEEADA /* SceneDelegate.swift in Sources */ = {isa = PBXBuildFile; fileRef = 6BE517102CBE6DF900AEEADA /* SceneDelegate.swift */; };
		6BE517132CBE6DF900AEEADA /* MenuViewController.swift in Sources */ = {isa = PBXBuildFile; fileRef = 6BE517122CBE6DF900AEEADA /* MenuViewController.swift */; };
		6BE517162CBE6DF900AEEADA /* Base in Resources */ = {isa = PBXBuildFile; fileRef = 6BE517152CBE6DF900AEEADA /* Base */; };
		6BE517192CBE6DF900AEEADA /* Party.xcdatamodeld in Sources */ = {isa = PBXBuildFile; fileRef = 6BE517172CBE6DF900AEEADA /* Party.xcdatamodeld */; };
		6BE5171B2CBE6DFA00AEEADA /* Assets.xcassets in Resources */ = {isa = PBXBuildFile; fileRef = 6BE5171A2CBE6DFA00AEEADA /* Assets.xcassets */; };
		6BE5171E2CBE6DFA00AEEADA /* Base in Resources */ = {isa = PBXBuildFile; fileRef = 6BE5171D2CBE6DFA00AEEADA /* Base */; };
		6BE517282CBE705A00AEEADA /* Font.swift in Sources */ = {isa = PBXBuildFile; fileRef = 6BE517272CBE705A00AEEADA /* Font.swift */; };
		6BE5172E2CBE70A400AEEADA /* Montserrat-ExtraBold.ttf in Resources */ = {isa = PBXBuildFile; fileRef = 6BE517292CBE70A300AEEADA /* Montserrat-ExtraBold.ttf */; };
		6BE5172F2CBE70A400AEEADA /* Montserrat-Medium.ttf in Resources */ = {isa = PBXBuildFile; fileRef = 6BE5172A2CBE70A300AEEADA /* Montserrat-Medium.ttf */; };
		6BE517302CBE70A400AEEADA /* Montserrat-Bold.ttf in Resources */ = {isa = PBXBuildFile; fileRef = 6BE5172B2CBE70A300AEEADA /* Montserrat-Bold.ttf */; };
		6BE517312CBE70A400AEEADA /* Montserrat-Regular.ttf in Resources */ = {isa = PBXBuildFile; fileRef = 6BE5172C2CBE70A300AEEADA /* Montserrat-Regular.ttf */; };
		6BE517322CBE70A400AEEADA /* Montserrat-SemiBold.ttf in Resources */ = {isa = PBXBuildFile; fileRef = 6BE5172D2CBE70A300AEEADA /* Montserrat-SemiBold.ttf */; };
		6BE517352CBE74D000AEEADA /* UIView.swift in Sources */ = {isa = PBXBuildFile; fileRef = 6BE517342CBE74D000AEEADA /* UIView.swift */; };
		6BE517372CBE74E500AEEADA /* ShadowView.swift in Sources */ = {isa = PBXBuildFile; fileRef = 6BE517362CBE74E500AEEADA /* ShadowView.swift */; };
		6BE517392CBE799700AEEADA /* ViewController.swift in Sources */ = {isa = PBXBuildFile; fileRef = 6BE517382CBE799700AEEADA /* ViewController.swift */; };
		6BE5173E2CBE7A9000AEEADA /* CreatePartyViewController.xib in Resources */ = {isa = PBXBuildFile; fileRef = 6BE5173D2CBE7A9000AEEADA /* CreatePartyViewController.xib */; };
		6BE5173F2CBE7A9000AEEADA /* CreatePartyViewController.swift in Sources */ = {isa = PBXBuildFile; fileRef = 6BE5173C2CBE7A9000AEEADA /* CreatePartyViewController.swift */; };
		6BE517412CBE7CF900AEEADA /* BaseTextField.swift in Sources */ = {isa = PBXBuildFile; fileRef = 6BE517402CBE7CF900AEEADA /* BaseTextField.swift */; };
		6BE517432CBE7D1F00AEEADA /* String.swift in Sources */ = {isa = PBXBuildFile; fileRef = 6BE517422CBE7D1F00AEEADA /* String.swift */; };
		6BE517462CBE852800AEEADA /* PartyModel.swift in Sources */ = {isa = PBXBuildFile; fileRef = 6BE517452CBE852800AEEADA /* PartyModel.swift */; };
		6BE517492CBE8A0400AEEADA /* BaseButton.swift in Sources */ = {isa = PBXBuildFile; fileRef = 6BE517482CBE8A0400AEEADA /* BaseButton.swift */; };
		6BE5174B2CBE8A5E00AEEADA /* CreatePartyViewModel.swift in Sources */ = {isa = PBXBuildFile; fileRef = 6BE5174A2CBE8A5E00AEEADA /* CreatePartyViewModel.swift */; };
		6BE5174E2CBEB7C800AEEADA /* CoreDataManager.swift in Sources */ = {isa = PBXBuildFile; fileRef = 6BE5174D2CBEB7C800AEEADA /* CoreDataManager.swift */; };
		6BE517502CBEBA9900AEEADA /* Date.swift in Sources */ = {isa = PBXBuildFile; fileRef = 6BE5174F2CBEBA9900AEEADA /* Date.swift */; };
		6BE517582CBEEC4000AEEADA /* PartyTableViewCell.xib in Resources */ = {isa = PBXBuildFile; fileRef = 6BE517572CBEEC4000AEEADA /* PartyTableViewCell.xib */; };
		6BE517592CBEEC4000AEEADA /* PartyTableViewCell.swift in Sources */ = {isa = PBXBuildFile; fileRef = 6BE517562CBEEC4000AEEADA /* PartyTableViewCell.swift */; };
		6BE5175C2CBEEF7200AEEADA /* PartiesViewController.xib in Resources */ = {isa = PBXBuildFile; fileRef = 6BE5175B2CBEEF7200AEEADA /* PartiesViewController.xib */; };
		6BE5175D2CBEEF7200AEEADA /* PartiesViewController.swift in Sources */ = {isa = PBXBuildFile; fileRef = 6BE5175A2CBEEF7200AEEADA /* PartiesViewController.swift */; };
		6BE517602CBEF15600AEEADA /* PartiesViewModel.swift in Sources */ = {isa = PBXBuildFile; fileRef = 6BE5175F2CBEF15600AEEADA /* PartiesViewModel.swift */; };
		6BE517652CBFAA5600AEEADA /* GuestListViewController.xib in Resources */ = {isa = PBXBuildFile; fileRef = 6BE517642CBFAA5500AEEADA /* GuestListViewController.xib */; };
		6BE517662CBFAA5600AEEADA /* GuestListViewController.swift in Sources */ = {isa = PBXBuildFile; fileRef = 6BE517632CBFAA5500AEEADA /* GuestListViewController.swift */; };
		6BE517692CBFB64E00AEEADA /* GuestModel.swift in Sources */ = {isa = PBXBuildFile; fileRef = 6BE517682CBFB64E00AEEADA /* GuestModel.swift */; };
		6BE5176C2CBFB6F500AEEADA /* GuestListViewModel.swift in Sources */ = {isa = PBXBuildFile; fileRef = 6BE5176B2CBFB6F500AEEADA /* GuestListViewModel.swift */; };
		6BE517702CBFB79C00AEEADA /* GuestListTableViewCell.xib in Resources */ = {isa = PBXBuildFile; fileRef = 6BE5176F2CBFB79C00AEEADA /* GuestListTableViewCell.xib */; };
		6BE517712CBFB79C00AEEADA /* GuestListTableViewCell.swift in Sources */ = {isa = PBXBuildFile; fileRef = 6BE5176E2CBFB79C00AEEADA /* GuestListTableViewCell.swift */; };
/* End PBXBuildFile section */

/* Begin PBXFileReference section */
		6B1A466E2CC029F9005CBB77 /* AddGuestViewController.swift */ = {isa = PBXFileReference; lastKnownFileType = sourcecode.swift; path = AddGuestViewController.swift; sourceTree = "<group>"; };
		6B1A466F2CC029F9005CBB77 /* AddGuestViewController.xib */ = {isa = PBXFileReference; lastKnownFileType = file.xib; path = AddGuestViewController.xib; sourceTree = "<group>"; };
		6B1A46732CC03DF5005CBB77 /* GuestFormTableViewCell.swift */ = {isa = PBXFileReference; lastKnownFileType = sourcecode.swift; path = GuestFormTableViewCell.swift; sourceTree = "<group>"; };
		6B1A46742CC03DF5005CBB77 /* GuestFormTableViewCell.xib */ = {isa = PBXFileReference; lastKnownFileType = file.xib; path = GuestFormTableViewCell.xib; sourceTree = "<group>"; };
		6B1A46782CC044F5005CBB77 /* AddGuestViewModel.swift */ = {isa = PBXFileReference; lastKnownFileType = sourcecode.swift; path = AddGuestViewModel.swift; sourceTree = "<group>"; };
		6BDB70102CC05E8A00C9B8E0 /* AddGuestTableViewCell.swift */ = {isa = PBXFileReference; lastKnownFileType = sourcecode.swift; path = AddGuestTableViewCell.swift; sourceTree = "<group>"; };
		6BDB70112CC05E8A00C9B8E0 /* AddGuestTableViewCell.xib */ = {isa = PBXFileReference; lastKnownFileType = file.xib; path = AddGuestTableViewCell.xib; sourceTree = "<group>"; };
		6BDB70152CC0662000C9B8E0 /* PartyView.xib */ = {isa = PBXFileReference; lastKnownFileType = file.xib; path = PartyView.xib; sourceTree = "<group>"; };
		6BDB70172CC066EB00C9B8E0 /* PartyView.swift */ = {isa = PBXFileReference; lastKnownFileType = sourcecode.swift; path = PartyView.swift; sourceTree = "<group>"; };
		6BE5170B2CBE6DF900AEEADA /* Party.app */ = {isa = PBXFileReference; explicitFileType = wrapper.application; includeInIndex = 0; path = Party.app; sourceTree = BUILT_PRODUCTS_DIR; };
		6BE5170E2CBE6DF900AEEADA /* AppDelegate.swift */ = {isa = PBXFileReference; lastKnownFileType = sourcecode.swift; path = AppDelegate.swift; sourceTree = "<group>"; };
		6BE517102CBE6DF900AEEADA /* SceneDelegate.swift */ = {isa = PBXFileReference; lastKnownFileType = sourcecode.swift; path = SceneDelegate.swift; sourceTree = "<group>"; };
		6BE517122CBE6DF900AEEADA /* MenuViewController.swift */ = {isa = PBXFileReference; lastKnownFileType = sourcecode.swift; path = MenuViewController.swift; sourceTree = "<group>"; };
		6BE517152CBE6DF900AEEADA /* Base */ = {isa = PBXFileReference; lastKnownFileType = file.storyboard; name = Base; path = Base.lproj/Menu.storyboard; sourceTree = "<group>"; };
		6BE517182CBE6DF900AEEADA /* Party.xcdatamodel */ = {isa = PBXFileReference; lastKnownFileType = wrapper.xcdatamodel; path = Party.xcdatamodel; sourceTree = "<group>"; };
		6BE5171A2CBE6DFA00AEEADA /* Assets.xcassets */ = {isa = PBXFileReference; lastKnownFileType = folder.assetcatalog; path = Assets.xcassets; sourceTree = "<group>"; };
		6BE5171D2CBE6DFA00AEEADA /* Base */ = {isa = PBXFileReference; lastKnownFileType = file.storyboard; name = Base; path = Base.lproj/LaunchScreen.storyboard; sourceTree = "<group>"; };
		6BE5171F2CBE6DFA00AEEADA /* Info.plist */ = {isa = PBXFileReference; lastKnownFileType = text.plist.xml; path = Info.plist; sourceTree = "<group>"; };
		6BE517272CBE705A00AEEADA /* Font.swift */ = {isa = PBXFileReference; lastKnownFileType = sourcecode.swift; path = Font.swift; sourceTree = "<group>"; };
		6BE517292CBE70A300AEEADA /* Montserrat-ExtraBold.ttf */ = {isa = PBXFileReference; lastKnownFileType = file; path = "Montserrat-ExtraBold.ttf"; sourceTree = "<group>"; };
		6BE5172A2CBE70A300AEEADA /* Montserrat-Medium.ttf */ = {isa = PBXFileReference; lastKnownFileType = file; path = "Montserrat-Medium.ttf"; sourceTree = "<group>"; };
		6BE5172B2CBE70A300AEEADA /* Montserrat-Bold.ttf */ = {isa = PBXFileReference; lastKnownFileType = file; path = "Montserrat-Bold.ttf"; sourceTree = "<group>"; };
		6BE5172C2CBE70A300AEEADA /* Montserrat-Regular.ttf */ = {isa = PBXFileReference; lastKnownFileType = file; path = "Montserrat-Regular.ttf"; sourceTree = "<group>"; };
		6BE5172D2CBE70A300AEEADA /* Montserrat-SemiBold.ttf */ = {isa = PBXFileReference; lastKnownFileType = file; path = "Montserrat-SemiBold.ttf"; sourceTree = "<group>"; };
		6BE517342CBE74D000AEEADA /* UIView.swift */ = {isa = PBXFileReference; lastKnownFileType = sourcecode.swift; path = UIView.swift; sourceTree = "<group>"; };
		6BE517362CBE74E500AEEADA /* ShadowView.swift */ = {isa = PBXFileReference; lastKnownFileType = sourcecode.swift; path = ShadowView.swift; sourceTree = "<group>"; };
		6BE517382CBE799700AEEADA /* ViewController.swift */ = {isa = PBXFileReference; lastKnownFileType = sourcecode.swift; path = ViewController.swift; sourceTree = "<group>"; };
		6BE5173C2CBE7A9000AEEADA /* CreatePartyViewController.swift */ = {isa = PBXFileReference; lastKnownFileType = sourcecode.swift; path = CreatePartyViewController.swift; sourceTree = "<group>"; };
		6BE5173D2CBE7A9000AEEADA /* CreatePartyViewController.xib */ = {isa = PBXFileReference; lastKnownFileType = file.xib; path = CreatePartyViewController.xib; sourceTree = "<group>"; };
		6BE517402CBE7CF900AEEADA /* BaseTextField.swift */ = {isa = PBXFileReference; lastKnownFileType = sourcecode.swift; path = BaseTextField.swift; sourceTree = "<group>"; };
		6BE517422CBE7D1F00AEEADA /* String.swift */ = {isa = PBXFileReference; lastKnownFileType = sourcecode.swift; path = String.swift; sourceTree = "<group>"; };
		6BE517452CBE852800AEEADA /* PartyModel.swift */ = {isa = PBXFileReference; lastKnownFileType = sourcecode.swift; path = PartyModel.swift; sourceTree = "<group>"; };
		6BE517482CBE8A0400AEEADA /* BaseButton.swift */ = {isa = PBXFileReference; lastKnownFileType = sourcecode.swift; path = BaseButton.swift; sourceTree = "<group>"; };
		6BE5174A2CBE8A5E00AEEADA /* CreatePartyViewModel.swift */ = {isa = PBXFileReference; lastKnownFileType = sourcecode.swift; path = CreatePartyViewModel.swift; sourceTree = "<group>"; };
		6BE5174D2CBEB7C800AEEADA /* CoreDataManager.swift */ = {isa = PBXFileReference; lastKnownFileType = sourcecode.swift; path = CoreDataManager.swift; sourceTree = "<group>"; };
		6BE5174F2CBEBA9900AEEADA /* Date.swift */ = {isa = PBXFileReference; lastKnownFileType = sourcecode.swift; path = Date.swift; sourceTree = "<group>"; };
		6BE517562CBEEC4000AEEADA /* PartyTableViewCell.swift */ = {isa = PBXFileReference; lastKnownFileType = sourcecode.swift; path = PartyTableViewCell.swift; sourceTree = "<group>"; };
		6BE517572CBEEC4000AEEADA /* PartyTableViewCell.xib */ = {isa = PBXFileReference; lastKnownFileType = file.xib; path = PartyTableViewCell.xib; sourceTree = "<group>"; };
		6BE5175A2CBEEF7200AEEADA /* PartiesViewController.swift */ = {isa = PBXFileReference; lastKnownFileType = sourcecode.swift; path = PartiesViewController.swift; sourceTree = "<group>"; };
		6BE5175B2CBEEF7200AEEADA /* PartiesViewController.xib */ = {isa = PBXFileReference; lastKnownFileType = file.xib; path = PartiesViewController.xib; sourceTree = "<group>"; };
		6BE5175F2CBEF15600AEEADA /* PartiesViewModel.swift */ = {isa = PBXFileReference; lastKnownFileType = sourcecode.swift; path = PartiesViewModel.swift; sourceTree = "<group>"; };
		6BE517632CBFAA5500AEEADA /* GuestListViewController.swift */ = {isa = PBXFileReference; lastKnownFileType = sourcecode.swift; path = GuestListViewController.swift; sourceTree = "<group>"; };
		6BE517642CBFAA5500AEEADA /* GuestListViewController.xib */ = {isa = PBXFileReference; lastKnownFileType = file.xib; path = GuestListViewController.xib; sourceTree = "<group>"; };
		6BE517682CBFB64E00AEEADA /* GuestModel.swift */ = {isa = PBXFileReference; lastKnownFileType = sourcecode.swift; path = GuestModel.swift; sourceTree = "<group>"; };
		6BE5176B2CBFB6F500AEEADA /* GuestListViewModel.swift */ = {isa = PBXFileReference; lastKnownFileType = sourcecode.swift; path = GuestListViewModel.swift; sourceTree = "<group>"; };
		6BE5176E2CBFB79C00AEEADA /* GuestListTableViewCell.swift */ = {isa = PBXFileReference; lastKnownFileType = sourcecode.swift; path = GuestListTableViewCell.swift; sourceTree = "<group>"; };
		6BE5176F2CBFB79C00AEEADA /* GuestListTableViewCell.xib */ = {isa = PBXFileReference; lastKnownFileType = file.xib; path = GuestListTableViewCell.xib; sourceTree = "<group>"; };
/* End PBXFileReference section */

/* Begin PBXFrameworksBuildPhase section */
		6BE517082CBE6DF900AEEADA /* Frameworks */ = {
			isa = PBXFrameworksBuildPhase;
			buildActionMask = 2147483647;
			files = (
			);
			runOnlyForDeploymentPostprocessing = 0;
		};
/* End PBXFrameworksBuildPhase section */

/* Begin PBXGroup section */
		6B1A466C2CC029DD005CBB77 /* AddGuest */ = {
			isa = PBXGroup;
			children = (
				6BDB70142CC0660D00C9B8E0 /* PartyView */,
				6B1A46772CC04491005CBB77 /* ViewModel */,
				6B1A46722CC03DE1005CBB77 /* Cell */,
				6B1A466D2CC029E6005CBB77 /* View */,
			);
			path = AddGuest;
			sourceTree = "<group>";
		};
		6B1A466D2CC029E6005CBB77 /* View */ = {
			isa = PBXGroup;
			children = (
				6B1A466E2CC029F9005CBB77 /* AddGuestViewController.swift */,
				6B1A466F2CC029F9005CBB77 /* AddGuestViewController.xib */,
			);
			path = View;
			sourceTree = "<group>";
		};
		6B1A46722CC03DE1005CBB77 /* Cell */ = {
			isa = PBXGroup;
			children = (
				6B1A46732CC03DF5005CBB77 /* GuestFormTableViewCell.swift */,
				6B1A46742CC03DF5005CBB77 /* GuestFormTableViewCell.xib */,
				6BDB70102CC05E8A00C9B8E0 /* AddGuestTableViewCell.swift */,
				6BDB70112CC05E8A00C9B8E0 /* AddGuestTableViewCell.xib */,
			);
			path = Cell;
			sourceTree = "<group>";
		};
		6B1A46772CC04491005CBB77 /* ViewModel */ = {
			isa = PBXGroup;
			children = (
				6B1A46782CC044F5005CBB77 /* AddGuestViewModel.swift */,
			);
			path = ViewModel;
			sourceTree = "<group>";
		};
		6BDB70142CC0660D00C9B8E0 /* PartyView */ = {
			isa = PBXGroup;
			children = (
				6BDB70152CC0662000C9B8E0 /* PartyView.xib */,
				6BDB70172CC066EB00C9B8E0 /* PartyView.swift */,
			);
			path = PartyView;
			sourceTree = "<group>";
		};
		6BE517022CBE6DF900AEEADA = {
			isa = PBXGroup;
			children = (
				6BE5170D2CBE6DF900AEEADA /* Party */,
				6BE5170C2CBE6DF900AEEADA /* Products */,
			);
			sourceTree = "<group>";
		};
		6BE5170C2CBE6DF900AEEADA /* Products */ = {
			isa = PBXGroup;
			children = (
				6BE5170B2CBE6DF900AEEADA /* Party.app */,
			);
			name = Products;
			sourceTree = "<group>";
		};
		6BE5170D2CBE6DF900AEEADA /* Party */ = {
			isa = PBXGroup;
			children = (
				6B1A466C2CC029DD005CBB77 /* AddGuest */,
				6BE517612CBFA8D700AEEADA /* GuestList */,
				6BE517532CBEEBA000AEEADA /* Parties */,
				6BE5173A2CBE7A7C00AEEADA /* CreateParty */,
				6BE517332CBE730B00AEEADA /* Menu */,
				6BE5174C2CBEB7B900AEEADA /* CoreData */,
				6BE517252CBE704C00AEEADA /* Extensions */,
				6BE5170E2CBE6DF900AEEADA /* AppDelegate.swift */,
				6BE517102CBE6DF900AEEADA /* SceneDelegate.swift */,
				6BE5171A2CBE6DFA00AEEADA /* Assets.xcassets */,
				6BE5171C2CBE6DFA00AEEADA /* LaunchScreen.storyboard */,
				6BE5171F2CBE6DFA00AEEADA /* Info.plist */,
				6BE517172CBE6DF900AEEADA /* Party.xcdatamodeld */,
			);
			path = Party;
			sourceTree = "<group>";
		};
		6BE517252CBE704C00AEEADA /* Extensions */ = {
			isa = PBXGroup;
			children = (
				6BE517262CBE705200AEEADA /* Font */,
				6BE517342CBE74D000AEEADA /* UIView.swift */,
				6BE517382CBE799700AEEADA /* ViewController.swift */,
				6BE517402CBE7CF900AEEADA /* BaseTextField.swift */,
				6BE5174F2CBEBA9900AEEADA /* Date.swift */,
				6BE517362CBE74E500AEEADA /* ShadowView.swift */,
				6BE517482CBE8A0400AEEADA /* BaseButton.swift */,
				6BE517422CBE7D1F00AEEADA /* String.swift */,
			);
			path = Extensions;
			sourceTree = "<group>";
		};
		6BE517262CBE705200AEEADA /* Font */ = {
			isa = PBXGroup;
			children = (
				6BE517272CBE705A00AEEADA /* Font.swift */,
				6BE5172B2CBE70A300AEEADA /* Montserrat-Bold.ttf */,
				6BE517292CBE70A300AEEADA /* Montserrat-ExtraBold.ttf */,
				6BE5172A2CBE70A300AEEADA /* Montserrat-Medium.ttf */,
				6BE5172C2CBE70A300AEEADA /* Montserrat-Regular.ttf */,
				6BE5172D2CBE70A300AEEADA /* Montserrat-SemiBold.ttf */,
			);
			path = Font;
			sourceTree = "<group>";
		};
		6BE517332CBE730B00AEEADA /* Menu */ = {
			isa = PBXGroup;
			children = (
				6BE517122CBE6DF900AEEADA /* MenuViewController.swift */,
				6BE517142CBE6DF900AEEADA /* Menu.storyboard */,
			);
			path = Menu;
			sourceTree = "<group>";
		};
		6BE5173A2CBE7A7C00AEEADA /* CreateParty */ = {
			isa = PBXGroup;
			children = (
				6BE517472CBE89E500AEEADA /* ViewModel */,
				6BE517442CBE851F00AEEADA /* Model */,
				6BE5173B2CBE7A8500AEEADA /* View */,
			);
			path = CreateParty;
			sourceTree = "<group>";
		};
		6BE5173B2CBE7A8500AEEADA /* View */ = {
			isa = PBXGroup;
			children = (
				6BE5173C2CBE7A9000AEEADA /* CreatePartyViewController.swift */,
				6BE5173D2CBE7A9000AEEADA /* CreatePartyViewController.xib */,
			);
			path = View;
			sourceTree = "<group>";
		};
		6BE517442CBE851F00AEEADA /* Model */ = {
			isa = PBXGroup;
			children = (
				6BE517452CBE852800AEEADA /* PartyModel.swift */,
			);
			path = Model;
			sourceTree = "<group>";
		};
		6BE517472CBE89E500AEEADA /* ViewModel */ = {
			isa = PBXGroup;
			children = (
				6BE5174A2CBE8A5E00AEEADA /* CreatePartyViewModel.swift */,
			);
			path = ViewModel;
			sourceTree = "<group>";
		};
		6BE5174C2CBEB7B900AEEADA /* CoreData */ = {
			isa = PBXGroup;
			children = (
				6BE5174D2CBEB7C800AEEADA /* CoreDataManager.swift */,
			);
			path = CoreData;
			sourceTree = "<group>";
		};
		6BE517532CBEEBA000AEEADA /* Parties */ = {
			isa = PBXGroup;
			children = (
				6BE5175E2CBEF14700AEEADA /* ViewModel */,
				6BE517552CBEEBB300AEEADA /* Cell */,
				6BE517542CBEEBAD00AEEADA /* View */,
			);
			path = Parties;
			sourceTree = "<group>";
		};
		6BE517542CBEEBAD00AEEADA /* View */ = {
			isa = PBXGroup;
			children = (
				6BE5175A2CBEEF7200AEEADA /* PartiesViewController.swift */,
				6BE5175B2CBEEF7200AEEADA /* PartiesViewController.xib */,
			);
			path = View;
			sourceTree = "<group>";
		};
		6BE517552CBEEBB300AEEADA /* Cell */ = {
			isa = PBXGroup;
			children = (
				6BE517562CBEEC4000AEEADA /* PartyTableViewCell.swift */,
				6BE517572CBEEC4000AEEADA /* PartyTableViewCell.xib */,
			);
			path = Cell;
			sourceTree = "<group>";
		};
		6BE5175E2CBEF14700AEEADA /* ViewModel */ = {
			isa = PBXGroup;
			children = (
				6BE5175F2CBEF15600AEEADA /* PartiesViewModel.swift */,
			);
			path = ViewModel;
			sourceTree = "<group>";
		};
		6BE517612CBFA8D700AEEADA /* GuestList */ = {
			isa = PBXGroup;
			children = (
				6BE5176D2CBFB78F00AEEADA /* Cell */,
				6BE5176A2CBFB6DB00AEEADA /* ViewModel */,
				6BE517672CBFB63F00AEEADA /* Model */,
				6BE517622CBFAA2E00AEEADA /* View */,
			);
			path = GuestList;
			sourceTree = "<group>";
		};
		6BE517622CBFAA2E00AEEADA /* View */ = {
			isa = PBXGroup;
			children = (
				6BE517632CBFAA5500AEEADA /* GuestListViewController.swift */,
				6BE517642CBFAA5500AEEADA /* GuestListViewController.xib */,
			);
			path = View;
			sourceTree = "<group>";
		};
		6BE517672CBFB63F00AEEADA /* Model */ = {
			isa = PBXGroup;
			children = (
				6BE517682CBFB64E00AEEADA /* GuestModel.swift */,
			);
			path = Model;
			sourceTree = "<group>";
		};
		6BE5176A2CBFB6DB00AEEADA /* ViewModel */ = {
			isa = PBXGroup;
			children = (
				6BE5176B2CBFB6F500AEEADA /* GuestListViewModel.swift */,
			);
			path = ViewModel;
			sourceTree = "<group>";
		};
		6BE5176D2CBFB78F00AEEADA /* Cell */ = {
			isa = PBXGroup;
			children = (
				6BE5176E2CBFB79C00AEEADA /* GuestListTableViewCell.swift */,
				6BE5176F2CBFB79C00AEEADA /* GuestListTableViewCell.xib */,
			);
			path = Cell;
			sourceTree = "<group>";
		};
/* End PBXGroup section */

/* Begin PBXNativeTarget section */
		6BE5170A2CBE6DF900AEEADA /* Party */ = {
			isa = PBXNativeTarget;
			buildConfigurationList = 6BE517222CBE6DFA00AEEADA /* Build configuration list for PBXNativeTarget "Party" */;
			buildPhases = (
				6BE517072CBE6DF900AEEADA /* Sources */,
				6BE517082CBE6DF900AEEADA /* Frameworks */,
				6BE517092CBE6DF900AEEADA /* Resources */,
			);
			buildRules = (
			);
			dependencies = (
			);
			name = Party;
			productName = Party;
			productReference = 6BE5170B2CBE6DF900AEEADA /* Party.app */;
			productType = "com.apple.product-type.application";
		};
/* End PBXNativeTarget section */

/* Begin PBXProject section */
		6BE517032CBE6DF900AEEADA /* Project object */ = {
			isa = PBXProject;
			attributes = {
				BuildIndependentTargetsInParallel = 1;
				LastSwiftUpdateCheck = 1540;
				LastUpgradeCheck = 1540;
				TargetAttributes = {
					6BE5170A2CBE6DF900AEEADA = {
						CreatedOnToolsVersion = 15.4;
					};
				};
			};
			buildConfigurationList = 6BE517062CBE6DF900AEEADA /* Build configuration list for PBXProject "Party" */;
			compatibilityVersion = "Xcode 15.0";
			developmentRegion = en;
			hasScannedForEncodings = 0;
			knownRegions = (
				en,
				Base,
			);
			mainGroup = 6BE517022CBE6DF900AEEADA;
			productRefGroup = 6BE5170C2CBE6DF900AEEADA /* Products */;
			projectDirPath = "";
			projectRoot = "";
			targets = (
				6BE5170A2CBE6DF900AEEADA /* Party */,
			);
		};
/* End PBXProject section */

/* Begin PBXResourcesBuildPhase section */
		6BE517092CBE6DF900AEEADA /* Resources */ = {
			isa = PBXResourcesBuildPhase;
			buildActionMask = 2147483647;
			files = (
				6BE5171B2CBE6DFA00AEEADA /* Assets.xcassets in Resources */,
				6BE5173E2CBE7A9000AEEADA /* CreatePartyViewController.xib in Resources */,
				6BE5172F2CBE70A400AEEADA /* Montserrat-Medium.ttf in Resources */,
				6BE517312CBE70A400AEEADA /* Montserrat-Regular.ttf in Resources */,
				6BE517302CBE70A400AEEADA /* Montserrat-Bold.ttf in Resources */,
				6BE5175C2CBEEF7200AEEADA /* PartiesViewController.xib in Resources */,
				6BE5172E2CBE70A400AEEADA /* Montserrat-ExtraBold.ttf in Resources */,
				6BE517582CBEEC4000AEEADA /* PartyTableViewCell.xib in Resources */,
				6BE5171E2CBE6DFA00AEEADA /* Base in Resources */,
				6B1A46712CC029F9005CBB77 /* AddGuestViewController.xib in Resources */,
				6BDB70162CC0662000C9B8E0 /* PartyView.xib in Resources */,
				6BE517702CBFB79C00AEEADA /* GuestListTableViewCell.xib in Resources */,
				6B1A46762CC03DF5005CBB77 /* GuestFormTableViewCell.xib in Resources */,
				6BE517322CBE70A400AEEADA /* Montserrat-SemiBold.ttf in Resources */,
				6BE517162CBE6DF900AEEADA /* Base in Resources */,
				6BDB70122CC05E8A00C9B8E0 /* AddGuestTableViewCell.xib in Resources */,
				6BE517652CBFAA5600AEEADA /* GuestListViewController.xib in Resources */,
			);
			runOnlyForDeploymentPostprocessing = 0;
		};
/* End PBXResourcesBuildPhase section */

/* Begin PBXSourcesBuildPhase section */
		6BE517072CBE6DF900AEEADA /* Sources */ = {
			isa = PBXSourcesBuildPhase;
			buildActionMask = 2147483647;
			files = (
				6BE517492CBE8A0400AEEADA /* BaseButton.swift in Sources */,
				6BE517132CBE6DF900AEEADA /* MenuViewController.swift in Sources */,
				6BE517432CBE7D1F00AEEADA /* String.swift in Sources */,
				6BE517502CBEBA9900AEEADA /* Date.swift in Sources */,
				6BE5174E2CBEB7C800AEEADA /* CoreDataManager.swift in Sources */,
				6BE5176C2CBFB6F500AEEADA /* GuestListViewModel.swift in Sources */,
				6BE5175D2CBEEF7200AEEADA /* PartiesViewController.swift in Sources */,
				6BE5170F2CBE6DF900AEEADA /* AppDelegate.swift in Sources */,
				6BE517662CBFAA5600AEEADA /* GuestListViewController.swift in Sources */,
				6BE517412CBE7CF900AEEADA /* BaseTextField.swift in Sources */,
				6BE517282CBE705A00AEEADA /* Font.swift in Sources */,
				6BE517192CBE6DF900AEEADA /* Party.xcdatamodeld in Sources */,
				6BE517352CBE74D000AEEADA /* UIView.swift in Sources */,
				6BE517112CBE6DF900AEEADA /* SceneDelegate.swift in Sources */,
				6BE517462CBE852800AEEADA /* PartyModel.swift in Sources */,
				6BE517602CBEF15600AEEADA /* PartiesViewModel.swift in Sources */,
				6BE517392CBE799700AEEADA /* ViewController.swift in Sources */,
				6BE5174B2CBE8A5E00AEEADA /* CreatePartyViewModel.swift in Sources */,
				6BE517692CBFB64E00AEEADA /* GuestModel.swift in Sources */,
				6B1A46792CC044F5005CBB77 /* AddGuestViewModel.swift in Sources */,
				6BE517372CBE74E500AEEADA /* ShadowView.swift in Sources */,
				6B1A46752CC03DF5005CBB77 /* GuestFormTableViewCell.swift in Sources */,
				6BDB70132CC05E8A00C9B8E0 /* AddGuestTableViewCell.swift in Sources */,
				6BE517592CBEEC4000AEEADA /* PartyTableViewCell.swift in Sources */,
				6BE5173F2CBE7A9000AEEADA /* CreatePartyViewController.swift in Sources */,
				6BDB70182CC066EB00C9B8E0 /* PartyView.swift in Sources */,
				6BE517712CBFB79C00AEEADA /* GuestListTableViewCell.swift in Sources */,
				6B1A46702CC029F9005CBB77 /* AddGuestViewController.swift in Sources */,
			);
			runOnlyForDeploymentPostprocessing = 0;
		};
/* End PBXSourcesBuildPhase section */

/* Begin PBXVariantGroup section */
		6BE517142CBE6DF900AEEADA /* Menu.storyboard */ = {
			isa = PBXVariantGroup;
			children = (
				6BE517152CBE6DF900AEEADA /* Base */,
			);
			name = Menu.storyboard;
			sourceTree = "<group>";
		};
		6BE5171C2CBE6DFA00AEEADA /* LaunchScreen.storyboard */ = {
			isa = PBXVariantGroup;
			children = (
				6BE5171D2CBE6DFA00AEEADA /* Base */,
			);
			name = LaunchScreen.storyboard;
			sourceTree = "<group>";
		};
/* End PBXVariantGroup section */

/* Begin XCBuildConfiguration section */
		6BE517202CBE6DFA00AEEADA /* Debug */ = {
			isa = XCBuildConfiguration;
			buildSettings = {
				ALWAYS_SEARCH_USER_PATHS = NO;
				ASSETCATALOG_COMPILER_GENERATE_SWIFT_ASSET_SYMBOL_EXTENSIONS = YES;
				CLANG_ANALYZER_NONNULL = YES;
				CLANG_ANALYZER_NUMBER_OBJECT_CONVERSION = YES_AGGRESSIVE;
				CLANG_CXX_LANGUAGE_STANDARD = "gnu++20";
				CLANG_ENABLE_MODULES = YES;
				CLANG_ENABLE_OBJC_ARC = YES;
				CLANG_ENABLE_OBJC_WEAK = YES;
				CLANG_WARN_BLOCK_CAPTURE_AUTORELEASING = YES;
				CLANG_WARN_BOOL_CONVERSION = YES;
				CLANG_WARN_COMMA = YES;
				CLANG_WARN_CONSTANT_CONVERSION = YES;
				CLANG_WARN_DEPRECATED_OBJC_IMPLEMENTATIONS = YES;
				CLANG_WARN_DIRECT_OBJC_ISA_USAGE = YES_ERROR;
				CLANG_WARN_DOCUMENTATION_COMMENTS = YES;
				CLANG_WARN_EMPTY_BODY = YES;
				CLANG_WARN_ENUM_CONVERSION = YES;
				CLANG_WARN_INFINITE_RECURSION = YES;
				CLANG_WARN_INT_CONVERSION = YES;
				CLANG_WARN_NON_LITERAL_NULL_CONVERSION = YES;
				CLANG_WARN_OBJC_IMPLICIT_RETAIN_SELF = YES;
				CLANG_WARN_OBJC_LITERAL_CONVERSION = YES;
				CLANG_WARN_OBJC_ROOT_CLASS = YES_ERROR;
				CLANG_WARN_QUOTED_INCLUDE_IN_FRAMEWORK_HEADER = YES;
				CLANG_WARN_RANGE_LOOP_ANALYSIS = YES;
				CLANG_WARN_STRICT_PROTOTYPES = YES;
				CLANG_WARN_SUSPICIOUS_MOVE = YES;
				CLANG_WARN_UNGUARDED_AVAILABILITY = YES_AGGRESSIVE;
				CLANG_WARN_UNREACHABLE_CODE = YES;
				CLANG_WARN__DUPLICATE_METHOD_MATCH = YES;
				COPY_PHASE_STRIP = NO;
				DEBUG_INFORMATION_FORMAT = dwarf;
				ENABLE_STRICT_OBJC_MSGSEND = YES;
				ENABLE_TESTABILITY = YES;
				ENABLE_USER_SCRIPT_SANDBOXING = YES;
				GCC_C_LANGUAGE_STANDARD = gnu17;
				GCC_DYNAMIC_NO_PIC = NO;
				GCC_NO_COMMON_BLOCKS = YES;
				GCC_OPTIMIZATION_LEVEL = 0;
				GCC_PREPROCESSOR_DEFINITIONS = (
					"DEBUG=1",
					"$(inherited)",
				);
				GCC_WARN_64_TO_32_BIT_CONVERSION = YES;
				GCC_WARN_ABOUT_RETURN_TYPE = YES_ERROR;
				GCC_WARN_UNDECLARED_SELECTOR = YES;
				GCC_WARN_UNINITIALIZED_AUTOS = YES_AGGRESSIVE;
				GCC_WARN_UNUSED_FUNCTION = YES;
				GCC_WARN_UNUSED_VARIABLE = YES;
				IPHONEOS_DEPLOYMENT_TARGET = 17.5;
				LOCALIZATION_PREFERS_STRING_CATALOGS = YES;
				MTL_ENABLE_DEBUG_INFO = INCLUDE_SOURCE;
				MTL_FAST_MATH = YES;
				ONLY_ACTIVE_ARCH = YES;
				SDKROOT = iphoneos;
				SWIFT_ACTIVE_COMPILATION_CONDITIONS = "DEBUG $(inherited)";
				SWIFT_OPTIMIZATION_LEVEL = "-Onone";
			};
			name = Debug;
		};
		6BE517212CBE6DFA00AEEADA /* Release */ = {
			isa = XCBuildConfiguration;
			buildSettings = {
				ALWAYS_SEARCH_USER_PATHS = NO;
				ASSETCATALOG_COMPILER_GENERATE_SWIFT_ASSET_SYMBOL_EXTENSIONS = YES;
				CLANG_ANALYZER_NONNULL = YES;
				CLANG_ANALYZER_NUMBER_OBJECT_CONVERSION = YES_AGGRESSIVE;
				CLANG_CXX_LANGUAGE_STANDARD = "gnu++20";
				CLANG_ENABLE_MODULES = YES;
				CLANG_ENABLE_OBJC_ARC = YES;
				CLANG_ENABLE_OBJC_WEAK = YES;
				CLANG_WARN_BLOCK_CAPTURE_AUTORELEASING = YES;
				CLANG_WARN_BOOL_CONVERSION = YES;
				CLANG_WARN_COMMA = YES;
				CLANG_WARN_CONSTANT_CONVERSION = YES;
				CLANG_WARN_DEPRECATED_OBJC_IMPLEMENTATIONS = YES;
				CLANG_WARN_DIRECT_OBJC_ISA_USAGE = YES_ERROR;
				CLANG_WARN_DOCUMENTATION_COMMENTS = YES;
				CLANG_WARN_EMPTY_BODY = YES;
				CLANG_WARN_ENUM_CONVERSION = YES;
				CLANG_WARN_INFINITE_RECURSION = YES;
				CLANG_WARN_INT_CONVERSION = YES;
				CLANG_WARN_NON_LITERAL_NULL_CONVERSION = YES;
				CLANG_WARN_OBJC_IMPLICIT_RETAIN_SELF = YES;
				CLANG_WARN_OBJC_LITERAL_CONVERSION = YES;
				CLANG_WARN_OBJC_ROOT_CLASS = YES_ERROR;
				CLANG_WARN_QUOTED_INCLUDE_IN_FRAMEWORK_HEADER = YES;
				CLANG_WARN_RANGE_LOOP_ANALYSIS = YES;
				CLANG_WARN_STRICT_PROTOTYPES = YES;
				CLANG_WARN_SUSPICIOUS_MOVE = YES;
				CLANG_WARN_UNGUARDED_AVAILABILITY = YES_AGGRESSIVE;
				CLANG_WARN_UNREACHABLE_CODE = YES;
				CLANG_WARN__DUPLICATE_METHOD_MATCH = YES;
				COPY_PHASE_STRIP = NO;
				DEBUG_INFORMATION_FORMAT = "dwarf-with-dsym";
				ENABLE_NS_ASSERTIONS = NO;
				ENABLE_STRICT_OBJC_MSGSEND = YES;
				ENABLE_USER_SCRIPT_SANDBOXING = YES;
				GCC_C_LANGUAGE_STANDARD = gnu17;
				GCC_NO_COMMON_BLOCKS = YES;
				GCC_WARN_64_TO_32_BIT_CONVERSION = YES;
				GCC_WARN_ABOUT_RETURN_TYPE = YES_ERROR;
				GCC_WARN_UNDECLARED_SELECTOR = YES;
				GCC_WARN_UNINITIALIZED_AUTOS = YES_AGGRESSIVE;
				GCC_WARN_UNUSED_FUNCTION = YES;
				GCC_WARN_UNUSED_VARIABLE = YES;
				IPHONEOS_DEPLOYMENT_TARGET = 17.5;
				LOCALIZATION_PREFERS_STRING_CATALOGS = YES;
				MTL_ENABLE_DEBUG_INFO = NO;
				MTL_FAST_MATH = YES;
				SDKROOT = iphoneos;
				SWIFT_COMPILATION_MODE = wholemodule;
				VALIDATE_PRODUCT = YES;
			};
			name = Release;
		};
		6BE517232CBE6DFA00AEEADA /* Debug */ = {
			isa = XCBuildConfiguration;
			buildSettings = {
				ASSETCATALOG_COMPILER_APPICON_NAME = AppIcon;
				ASSETCATALOG_COMPILER_GLOBAL_ACCENT_COLOR_NAME = AccentColor;
				CODE_SIGN_STYLE = Automatic;
				CURRENT_PROJECT_VERSION = 1;
				DEVELOPMENT_TEAM = 9YUSQBCAX9;
				GENERATE_INFOPLIST_FILE = YES;
				INFOPLIST_FILE = Party/Info.plist;
				INFOPLIST_KEY_UIApplicationSupportsIndirectInputEvents = YES;
				INFOPLIST_KEY_UILaunchStoryboardName = LaunchScreen;
				INFOPLIST_KEY_UIMainStoryboardFile = Menu;
				INFOPLIST_KEY_UISupportedInterfaceOrientations = UIInterfaceOrientationPortrait;
				IPHONEOS_DEPLOYMENT_TARGET = 15.0;
				LD_RUNPATH_SEARCH_PATHS = (
					"$(inherited)",
					"@executable_path/Frameworks",
				);
				MARKETING_VERSION = 1.0;
				PRODUCT_BUNDLE_IDENTIFIER = Karen.Party;
				PRODUCT_NAME = "$(TARGET_NAME)";
				SWIFT_EMIT_LOC_STRINGS = YES;
				SWIFT_VERSION = 5.0;
				TARGETED_DEVICE_FAMILY = "1,2";
			};
			name = Debug;
		};
		6BE517242CBE6DFA00AEEADA /* Release */ = {
			isa = XCBuildConfiguration;
			buildSettings = {
				ASSETCATALOG_COMPILER_APPICON_NAME = AppIcon;
				ASSETCATALOG_COMPILER_GLOBAL_ACCENT_COLOR_NAME = AccentColor;
				CODE_SIGN_STYLE = Automatic;
				CURRENT_PROJECT_VERSION = 1;
				DEVELOPMENT_TEAM = 9YUSQBCAX9;
				GENERATE_INFOPLIST_FILE = YES;
				INFOPLIST_FILE = Party/Info.plist;
				INFOPLIST_KEY_UIApplicationSupportsIndirectInputEvents = YES;
				INFOPLIST_KEY_UILaunchStoryboardName = LaunchScreen;
				INFOPLIST_KEY_UIMainStoryboardFile = Menu;
				INFOPLIST_KEY_UISupportedInterfaceOrientations = UIInterfaceOrientationPortrait;
				IPHONEOS_DEPLOYMENT_TARGET = 15.0;
				LD_RUNPATH_SEARCH_PATHS = (
					"$(inherited)",
					"@executable_path/Frameworks",
				);
				MARKETING_VERSION = 1.0;
				PRODUCT_BUNDLE_IDENTIFIER = Karen.Party;
				PRODUCT_NAME = "$(TARGET_NAME)";
				SWIFT_EMIT_LOC_STRINGS = YES;
				SWIFT_VERSION = 5.0;
				TARGETED_DEVICE_FAMILY = "1,2";
			};
			name = Release;
		};
/* End XCBuildConfiguration section */

/* Begin XCConfigurationList section */
		6BE517062CBE6DF900AEEADA /* Build configuration list for PBXProject "Party" */ = {
			isa = XCConfigurationList;
			buildConfigurations = (
				6BE517202CBE6DFA00AEEADA /* Debug */,
				6BE517212CBE6DFA00AEEADA /* Release */,
			);
			defaultConfigurationIsVisible = 0;
			defaultConfigurationName = Release;
		};
		6BE517222CBE6DFA00AEEADA /* Build configuration list for PBXNativeTarget "Party" */ = {
			isa = XCConfigurationList;
			buildConfigurations = (
				6BE517232CBE6DFA00AEEADA /* Debug */,
				6BE517242CBE6DFA00AEEADA /* Release */,
			);
			defaultConfigurationIsVisible = 0;
			defaultConfigurationName = Release;
		};
/* End XCConfigurationList section */

/* Begin XCVersionGroup section */
		6BE517172CBE6DF900AEEADA /* Party.xcdatamodeld */ = {
			isa = XCVersionGroup;
			children = (
				6BE517182CBE6DF900AEEADA /* Party.xcdatamodel */,
			);
			currentVersion = 6BE517182CBE6DF900AEEADA /* Party.xcdatamodel */;
			path = Party.xcdatamodeld;
			sourceTree = "<group>";
			versionGroupType = wrapper.xcdatamodel;
		};
/* End XCVersionGroup section */
	};
	rootObject = 6BE517032CBE6DF900AEEADA /* Project object */;
}
